{
  "name": "my_gektar",
  "lockfileVersion": 3,
  "requires": true,
  "packages": {
    "": {
      "dependencies": {
        "uikit": "^3.17.8"
      }
    },
    "node_modules/uikit": {
      "version": "3.17.8",
      "resolved": "https://registry.npmjs.org/uikit/-/uikit-3.17.8.tgz",
      "integrity": "sha512-zs7oFYlW2JFVZ1Rz70qnrHRfWqRvKIzSobVhQDVeIPOOZXKiyad/r1oveiWvHQSlb7wKaW6T8Z6/FefBi3Sm5w=="
    }
  }
}
